
Microsoft Visual Studio Solution File, Format Version 12.00
# Visual Studio 14
VisualStudioVersion = 14.0.25123.0
MinimumVisualStudioVersion = 10.0.40219.1
Project("{8BC9CEB8-8B4A-11D0-8D11-00A0C91BC942}") = "VectorUnitTest", "VectorUnitTest\VectorUnitTest.vcxproj", "{12757785-F3E7-46B6-AEB4-810C0FF0C73F}"
EndProject
Project("{8BC9CEB8-8B4A-11D0-8D11-00A0C91BC942}") = "RaycastingLib", "RaycastingLib\RaycastingLib.vcxproj", "{EBC86A36-9A7A-4110-ABD3-48C28DE37AD0}"
EndProject
Project("{8BC9CEB8-8B4A-11D0-8D11-00A0C91BC942}") = "basecode_OpenCV", "basecode_OpenCV\basecode_OpenCV.vcxproj", "{1130BDFC-A675-47E4-A829-D0E1BA924E2A}"
EndProject
Global
	GlobalSection(SolutionConfigurationPlatforms) = preSolution
		Debug|Win32 = Debug|Win32
		Debug|x64 = Debug|x64
		Release|Win32 = Release|Win32
		Release|x64 = Release|x64
	EndGlobalSection
	GlobalSection(ProjectConfigurationPlatforms) = postSolution
		{12757785-F3E7-46B6-AEB4-810C0FF0C73F}.Debug|Win32.ActiveCfg = Debug|Win32
		{12757785-F3E7-46B6-AEB4-810C0FF0C73F}.Debug|Win32.Build.0 = Debug|Win32
		{12757785-F3E7-46B6-AEB4-810C0FF0C73F}.Debug|x64.ActiveCfg = Debug|x64
		{12757785-F3E7-46B6-AEB4-810C0FF0C73F}.Debug|x64.Build.0 = Debug|x64
		{12757785-F3E7-46B6-AEB4-810C0FF0C73F}.Release|Win32.ActiveCfg = Release|Win32
		{12757785-F3E7-46B6-AEB4-810C0FF0C73F}.Release|Win32.Build.0 = Release|Win32
		{12757785-F3E7-46B6-AEB4-810C0FF0C73F}.Release|x64.ActiveCfg = Release|x64
		{12757785-F3E7-46B6-AEB4-810C0FF0C73F}.Release|x64.Build.0 = Release|x64
		{EBC86A36-9A7A-4110-ABD3-48C28DE37AD0}.Debug|Win32.ActiveCfg = Debug|Win32
		{EBC86A36-9A7A-4110-ABD3-48C28DE37AD0}.Debug|Win32.Build.0 = Debug|Win32
		{EBC86A36-9A7A-4110-ABD3-48C28DE37AD0}.Debug|x64.ActiveCfg = Debug|x64
		{EBC86A36-9A7A-4110-ABD3-48C28DE37AD0}.Debug|x64.Build.0 = Debug|x64
		{EBC86A36-9A7A-4110-ABD3-48C28DE37AD0}.Release|Win32.ActiveCfg = Release|Win32
		{EBC86A36-9A7A-4110-ABD3-48C28DE37AD0}.Release|Win32.Build.0 = Release|Win32
		{EBC86A36-9A7A-4110-ABD3-48C28DE37AD0}.Release|x64.ActiveCfg = Release|x64
		{EBC86A36-9A7A-4110-ABD3-48C28DE37AD0}.Release|x64.Build.0 = Release|x64
		{1130BDFC-A675-47E4-A829-D0E1BA924E2A}.Debug|Win32.ActiveCfg = Debug|Win32
		{1130BDFC-A675-47E4-A829-D0E1BA924E2A}.Debug|Win32.Build.0 = Debug|Win32
		{1130BDFC-A675-47E4-A829-D0E1BA924E2A}.Debug|x64.ActiveCfg = Debug|x64
		{1130BDFC-A675-47E4-A829-D0E1BA924E2A}.Debug|x64.Build.0 = Debug|x64
		{1130BDFC-A675-47E4-A829-D0E1BA924E2A}.Debug|x64.Deploy.0 = Debug|x64
		{1130BDFC-A675-47E4-A829-D0E1BA924E2A}.Release|Win32.ActiveCfg = Release|Win32
		{1130BDFC-A675-47E4-A829-D0E1BA924E2A}.Release|Win32.Build.0 = Release|Win32
		{1130BDFC-A675-47E4-A829-D0E1BA924E2A}.Release|x64.ActiveCfg = Release|x64
		{1130BDFC-A675-47E4-A829-D0E1BA924E2A}.Release|x64.Build.0 = Release|x64
	EndGlobalSection
	GlobalSection(SolutionProperties) = preSolution
		HideSolutionNode = FALSE
	EndGlobalSection
EndGlobal
